
Microsoft Visual Studio Solution File, Format Version 12.00
# Visual Studio Version 16
VisualStudioVersion = 16.0.30011.22
MinimumVisualStudioVersion = 10.0.40219.1
Project("{9A19103F-16F7-4668-BE54-9A1E7A4F7556}") = "PanolBlazor", "PanolBlazor\PanolBlazor.csproj", "{8D99B0AD-41B8-4207-879B-266B125363CE}"
EndProject
Global
	GlobalSection(SolutionConfigurationPlatforms) = preSolution
		Debug|Any CPU = Debug|Any CPU
		Release|Any CPU = Release|Any CPU
	EndGlobalSection
	GlobalSection(ProjectConfigurationPlatforms) = postSolution
		{8D99B0AD-41B8-4207-879B-266B125363CE}.Debug|Any CPU.ActiveCfg = Debug|Any CPU
		{8D99B0AD-41B8-4207-879B-266B125363CE}.Debug|Any CPU.Build.0 = Debug|Any CPU
		{8D99B0AD-41B8-4207-879B-266B125363CE}.Release|Any CPU.ActiveCfg = Release|Any CPU
		{8D99B0AD-41B8-4207-879B-266B125363CE}.Release|Any CPU.Build.0 = Release|Any CPU
	EndGlobalSection
	GlobalSection(SolutionProperties) = preSolution
		HideSolutionNode = FALSE
	EndGlobalSection
	GlobalSection(ExtensibilityGlobals) = postSolution
		SolutionGuid = {BA54999E-BCE0-4DC9-878C-425EAA0A5021}
	EndGlobalSection
EndGlobal
